
Microsoft Visual Studio Solution File, Format Version 12.00
# Visual Studio 15
VisualStudioVersion = 15.0.27130.2027
MinimumVisualStudioVersion = 10.0.40219.1
Project("{FAE04EC0-301F-11D3-BF4B-00C04F79EFBC}") = "ConsoleApp2", "ConsoleApp2\ConsoleApp2.csproj", "{06999417-21C9-472B-8BDA-6167D8C5A38F}"
EndProject
Global
	GlobalSection(SolutionConfigurationPlatforms) = preSolution
		Debug|Any CPU = Debug|Any CPU
		Release|Any CPU = Release|Any CPU
	EndGlobalSection
	GlobalSection(ProjectConfigurationPlatforms) = postSolution
		{06999417-21C9-472B-8BDA-6167D8C5A38F}.Debug|Any CPU.ActiveCfg = Debug|Any CPU
		{06999417-21C9-472B-8BDA-6167D8C5A38F}.Debug|Any CPU.Build.0 = Debug|Any CPU
		{06999417-21C9-472B-8BDA-6167D8C5A38F}.Release|Any CPU.ActiveCfg = Release|Any CPU
		{06999417-21C9-472B-8BDA-6167D8C5A38F}.Release|Any CPU.Build.0 = Release|Any CPU
	EndGlobalSection
	GlobalSection(SolutionProperties) = preSolution
		HideSolutionNode = FALSE
	EndGlobalSection
	GlobalSection(ExtensibilityGlobals) = postSolution
		SolutionGuid = {061B2A66-5C9B-4AB5-919D-899351E85411}
	EndGlobalSection
EndGlobal
